// !$*UTF8*$!
{
	archiveVersion = 1;
	classes = {
	};
	objectVersion = 46;
	objects = {

/* Begin PBXBuildFile section */
		9DDAE6AA1BC4CE7800975798 /* AppDelegate.swift in Sources */ = {isa = PBXBuildFile; fileRef = 9DDAE6A91BC4CE7800975798 /* AppDelegate.swift */; };
		9DDAE6AC1BC4CE7800975798 /* ViewController.swift in Sources */ = {isa = PBXBuildFile; fileRef = 9DDAE6AB1BC4CE7800975798 /* ViewController.swift */; };
		9DDAE6AF1BC4CE7800975798 /* Main.storyboard in Resources */ = {isa = PBXBuildFile; fileRef = 9DDAE6AD1BC4CE7800975798 /* Main.storyboard */; };
		9DDAE6B11BC4CE7800975798 /* Images.xcassets in Resources */ = {isa = PBXBuildFile; fileRef = 9DDAE6B01BC4CE7800975798 /* Images.xcassets */; };
		9DDAE6B41BC4CE7800975798 /* LaunchScreen.xib in Resources */ = {isa = PBXBuildFile; fileRef = 9DDAE6B21BC4CE7800975798 /* LaunchScreen.xib */; };
		9DDAE6C01BC4CE7800975798 /* HelloTests.swift in Sources */ = {isa = PBXBuildFile; fileRef = 9DDAE6BF1BC4CE7800975798 /* HelloTests.swift */; };
/* End PBXBuildFile section */

/* Begin PBXContainerItemProxy section */
		9DDAE6BA1BC4CE7800975798 /* PBXContainerItemProxy */ = {
			isa = PBXContainerItemProxy;
			containerPortal = 9DDAE69C1BC4CE7800975798 /* Project object */;
			proxyType = 1;
			remoteGlobalIDString = 9DDAE6A31BC4CE7800975798;
			remoteInfo = Hello;
		};
/* End PBXContainerItemProxy section */

/* Begin PBXFileReference section */
		9DDAE6A41BC4CE7800975798 /* Hello.app */ = {isa = PBXFileReference; explicitFileType = wrapper.application; includeInIndex = 0; path = Hello.app; sourceTree = BUILT_PRODUCTS_DIR; };
		9DDAE6A81BC4CE7800975798 /* Info.plist */ = {isa = PBXFileReference; lastKnownFileType = text.plist.xml; path = Info.plist; sourceTree = "<group>"; };
		9DDAE6A91BC4CE7800975798 /* AppDelegate.swift */ = {isa = PBXFileReference; lastKnownFileType = sourcecode.swift; path = AppDelegate.swift; sourceTree = "<group>"; };
		9DDAE6AB1BC4CE7800975798 /* ViewController.swift */ = {isa = PBXFileReference; lastKnownFileType = sourcecode.swift; path = ViewController.swift; sourceTree = "<group>"; };
		9DDAE6AE1BC4CE7800975798 /* Base */ = {isa = PBXFileReference; lastKnownFileType = file.storyboard; name = Base; path = Base.lproj/Main.storyboard; sourceTree = "<group>"; };
		9DDAE6B01BC4CE7800975798 /* Images.xcassets */ = {isa = PBXFileReference; lastKnownFileType = folder.assetcatalog; path = Images.xcassets; sourceTree = "<group>"; };
		9DDAE6B31BC4CE7800975798 /* Base */ = {isa = PBXFileReference; lastKnownFileType = file.xib; name = Base; path = Base.lproj/LaunchScreen.xib; sourceTree = "<group>"; };
		9DDAE6B91BC4CE7800975798 /* HelloTests.xctest */ = {isa = PBXFileReference; explicitFileType = wrapper.cfbundle; includeInIndex = 0; path = HelloTests.xctest; sourceTree = BUILT_PRODUCTS_DIR; };
		9DDAE6BE1BC4CE7800975798 /* Info.plist */ = {isa = PBXFileReference; lastKnownFileType = text.plist.xml; path = Info.plist; sourceTree = "<group>"; };
		9DDAE6BF1BC4CE7800975798 /* HelloTests.swift */ = {isa = PBXFileReference; lastKnownFileType = sourcecode.swift; path = HelloTests.swift; sourceTree = "<group>"; };
/* End PBXFileReference section */

/* Begin PBXFrameworksBuildPhase section */
		9DDAE6A11BC4CE7800975798 /* Frameworks */ = {
			isa = PBXFrameworksBuildPhase;
			buildActionMask = 2147483647;
			files = (
			);
			runOnlyForDeploymentPostprocessing = 0;
		};
		9DDAE6B61BC4CE7800975798 /* Frameworks */ = {
			isa = PBXFrameworksBuildPhase;
			buildActionMask = 2147483647;
			files = (
			);
			runOnlyForDeploymentPostprocessing = 0;
		};
/* End PBXFrameworksBuildPhase section */

/* Begin PBXGroup section */
		9DDAE69B1BC4CE7800975798 = {
			isa = PBXGroup;
			children = (
				9DDAE6A61BC4CE7800975798 /* Hello */,
				9DDAE6BC1BC4CE7800975798 /* HelloTests */,
				9DDAE6A51BC4CE7800975798 /* Products */,
			);
			sourceTree = "<group>";
		};
		9DDAE6A51BC4CE7800975798 /* Products */ = {
			isa = PBXGroup;
			children = (
				9DDAE6A41BC4CE7800975798 /* Hello.app */,
				9DDAE6B91BC4CE7800975798 /* HelloTests.xctest */,
			);
			name = Products;
			sourceTree = "<group>";
		};
		9DDAE6A61BC4CE7800975798 /* Hello */ = {
			isa = PBXGroup;
			children = (
				9DDAE6A91BC4CE7800975798 /* AppDelegate.swift */,
				9DDAE6AB1BC4CE7800975798 /* ViewController.swift */,
				9DDAE6AD1BC4CE7800975798 /* Main.storyboard */,
				9DDAE6B01BC4CE7800975798 /* Images.xcassets */,
				9DDAE6B21BC4CE7800975798 /* LaunchScreen.xib */,
				9DDAE6A71BC4CE7800975798 /* Supporting Files */,
			);
			path = Hello;
			sourceTree = "<group>";
		};
		9DDAE6A71BC4CE7800975798 /* Supporting Files */ = {
			isa = PBXGroup;
			children = (
				9DDAE6A81BC4CE7800975798 /* Info.plist */,
			);
			name = "Supporting Files";
			sourceTree = "<group>";
		};
		9DDAE6BC1BC4CE7800975798 /* HelloTests */ = {
			isa = PBXGroup;
			children = (
				9DDAE6BF1BC4CE7800975798 /* HelloTests.swift */,
				9DDAE6BD1BC4CE7800975798 /* Supporting Files */,
			);
			path = HelloTests;
			sourceTree = "<group>";
		};
		9DDAE6BD1BC4CE7800975798 /* Supporting Files */ = {
			isa = PBXGroup;
			children = (
				9DDAE6BE1BC4CE7800975798 /* Info.plist */,
			);
			name = "Supporting Files";
			sourceTree = "<group>";
		};
/* End PBXGroup section */

/* Begin PBXNativeTarget section */
		9DDAE6A31BC4CE7800975798 /* Hello */ = {
			isa = PBXNativeTarget;
			buildConfigurationList = 9DDAE6C31BC4CE7800975798 /* Build configuration list for PBXNativeTarget "Hello" */;
			buildPhases = (
				9DDAE6A01BC4CE7800975798 /* Sources */,
				9DDAE6A11BC4CE7800975798 /* Frameworks */,
				9DDAE6A21BC4CE7800975798 /* Resources */,
			);
			buildRules = (
			);
			dependencies = (
			);
			name = Hello;
			productName = Hello;
			productReference = 9DDAE6A41BC4CE7800975798 /* Hello.app */;
			productType = "com.apple.product-type.application";
		};
		9DDAE6B81BC4CE7800975798 /* HelloTests */ = {
			isa = PBXNativeTarget;
			buildConfigurationList = 9DDAE6C61BC4CE7800975798 /* Build configuration list for PBXNativeTarget "HelloTests" */;
			buildPhases = (
				9DDAE6B51BC4CE7800975798 /* Sources */,
				9DDAE6B61BC4CE7800975798 /* Frameworks */,
				9DDAE6B71BC4CE7800975798 /* Resources */,
			);
			buildRules = (
			);
			dependencies = (
				9DDAE6BB1BC4CE7800975798 /* PBXTargetDependency */,
			);
			name = HelloTests;
			productName = HelloTests;
			productReference = 9DDAE6B91BC4CE7800975798 /* HelloTests.xctest */;
			productType = "com.apple.product-type.bundle.unit-test";
		};
/* End PBXNativeTarget section */

/* Begin PBXProject section */
		9DDAE69C1BC4CE7800975798 /* Project object */ = {
			isa = PBXProject;
			attributes = {
				LastUpgradeCheck = 0640;
				ORGANIZATIONNAME = "Bryan Gula";
				TargetAttributes = {
					9DDAE6A31BC4CE7800975798 = {
						CreatedOnToolsVersion = 6.4;
					};
					9DDAE6B81BC4CE7800975798 = {
						CreatedOnToolsVersion = 6.4;
						TestTargetID = 9DDAE6A31BC4CE7800975798;
					};
				};
			};
			buildConfigurationList = 9DDAE69F1BC4CE7800975798 /* Build configuration list for PBXProject "Hello" */;
			compatibilityVersion = "Xcode 3.2";
			developmentRegion = English;
			hasScannedForEncodings = 0;
			knownRegions = (
				en,
				Base,
			);
			mainGroup = 9DDAE69B1BC4CE7800975798;
			productRefGroup = 9DDAE6A51BC4CE7800975798 /* Products */;
			projectDirPath = "";
			projectRoot = "";
			targets = (
				9DDAE6A31BC4CE7800975798 /* Hello */,
				9DDAE6B81BC4CE7800975798 /* HelloTests */,
			);
		};
/* End PBXProject section */

/* Begin PBXResourcesBuildPhase section */
		9DDAE6A21BC4CE7800975798 /* Resources */ = {
			isa = PBXResourcesBuildPhase;
			buildActionMask = 2147483647;
			files = (
				9DDAE6AF1BC4CE7800975798 /* Main.storyboard in Resources */,
				9DDAE6B41BC4CE7800975798 /* LaunchScreen.xib in Resources */,
				9DDAE6B11BC4CE7800975798 /* Images.xcassets in Resources */,
			);
			runOnlyForDeploymentPostprocessing = 0;
		};
		9DDAE6B71BC4CE7800975798 /* Resources */ = {
			isa = PBXResourcesBuildPhase;
			buildActionMask = 2147483647;
			files = (
			);
			runOnlyForDeploymentPostprocessing = 0;
		};
/* End PBXResourcesBuildPhase section */

/* Begin PBXSourcesBuildPhase section */
		9DDAE6A01BC4CE7800975798 /* Sources */ = {
			isa = PBXSourcesBuildPhase;
			buildActionMask = 2147483647;
			files = (
				9DDAE6AC1BC4CE7800975798 /* ViewController.swift in Sources */,
				9DDAE6AA1BC4CE7800975798 /* AppDelegate.swift in Sources */,
			);
			runOnlyForDeploymentPostprocessing = 0;
		};
		9DDAE6B51BC4CE7800975798 /* Sources */ = {
			isa = PBXSourcesBuildPhase;
			buildActionMask = 2147483647;
			files = (
				9DDAE6C01BC4CE7800975798 /* HelloTests.swift in Sources */,
			);
			runOnlyForDeploymentPostprocessing = 0;
		};
/* End PBXSourcesBuildPhase section */

/* Begin PBXTargetDependency section */
		9DDAE6BB1BC4CE7800975798 /* PBXTargetDependency */ = {
			isa = PBXTargetDependency;
			target = 9DDAE6A31BC4CE7800975798 /* Hello */;
			targetProxy = 9DDAE6BA1BC4CE7800975798 /* PBXContainerItemProxy */;
		};
/* End PBXTargetDependency section */

/* Begin PBXVariantGroup section */
		9DDAE6AD1BC4CE7800975798 /* Main.storyboard */ = {
			isa = PBXVariantGroup;
			children = (
				9DDAE6AE1BC4CE7800975798 /* Base */,
			);
			name = Main.storyboard;
			sourceTree = "<group>";
		};
		9DDAE6B21BC4CE7800975798 /* LaunchScreen.xib */ = {
			isa = PBXVariantGroup;
			children = (
				9DDAE6B31BC4CE7800975798 /* Base */,
			);
			name = LaunchScreen.xib;
			sourceTree = "<group>";
		};
/* End PBXVariantGroup section */

/* Begin XCBuildConfiguration section */
		9DDAE6C11BC4CE7800975798 /* Debug */ = {
			isa = XCBuildConfiguration;
			buildSettings = {
				ALWAYS_SEARCH_USER_PATHS = NO;
				CLANG_CXX_LANGUAGE_STANDARD = "gnu++0x";
				CLANG_CXX_LIBRARY = "libc++";
				CLANG_ENABLE_MODULES = YES;
				CLANG_ENABLE_OBJC_ARC = YES;
				CLANG_WARN_BOOL_CONVERSION = YES;
				CLANG_WARN_CONSTANT_CONVERSION = YES;
				CLANG_WARN_DIRECT_OBJC_ISA_USAGE = YES_ERROR;
				CLANG_WARN_EMPTY_BODY = YES;
				CLANG_WARN_ENUM_CONVERSION = YES;
				CLANG_WARN_INT_CONVERSION = YES;
				CLANG_WARN_OBJC_ROOT_CLASS = YES_ERROR;
				CLANG_WARN_UNREACHABLE_CODE = YES;
				CLANG_WARN__DUPLICATE_METHOD_MATCH = YES;
				"CODE_SIGN_IDENTITY[sdk=iphoneos*]" = "iPhone Developer";
				COPY_PHASE_STRIP = NO;
				DEBUG_INFORMATION_FORMAT = "dwarf-with-dsym";
				ENABLE_STRICT_OBJC_MSGSEND = YES;
				GCC_C_LANGUAGE_STANDARD = gnu99;
				GCC_DYNAMIC_NO_PIC = NO;
				GCC_NO_COMMON_BLOCKS = YES;
				GCC_OPTIMIZATION_LEVEL = 0;
				GCC_PREPROCESSOR_DEFINITIONS = (
					"DEBUG=1",
					"$(inherited)",
				);
				GCC_SYMBOLS_PRIVATE_EXTERN = NO;
				GCC_WARN_64_TO_32_BIT_CONVERSION = YES;
				GCC_WARN_ABOUT_RETURN_TYPE = YES_ERROR;
				GCC_WARN_UNDECLARED_SELECTOR = YES;
				GCC_WARN_UNINITIALIZED_AUTOS = YES_AGGRESSIVE;
				GCC_WARN_UNUSED_FUNCTION = YES;
				GCC_WARN_UNUSED_VARIABLE = YES;
				IPHONEOS_DEPLOYMENT_TARGET = 8.4;
				MTL_ENABLE_DEBUG_INFO = YES;
				ONLY_ACTIVE_ARCH = YES;
				SDKROOT = iphoneos;
				SWIFT_OPTIMIZATION_LEVEL = "-Onone";
				TARGETED_DEVICE_FAMILY = "1,2";
			};
			name = Debug;
		};
		9DDAE6C21BC4CE7800975798 /* Release */ = {
			isa = XCBuildConfiguration;
			buildSettings = {
				ALWAYS_SEARCH_USER_PATHS = NO;
				CLANG_CXX_LANGUAGE_STANDARD = "gnu++0x";
				CLANG_CXX_LIBRARY = "libc++";
				CLANG_ENABLE_MODULES = YES;
				CLANG_ENABLE_OBJC_ARC = YES;
				CLANG_WARN_BOOL_CONVERSION = YES;
				CLANG_WARN_CONSTANT_CONVERSION = YES;
				CLANG_WARN_DIRECT_OBJC_ISA_USAGE = YES_ERROR;
				CLANG_WARN_EMPTY_BODY = YES;
				CLANG_WARN_ENUM_CONVERSION = YES;
				CLANG_WARN_INT_CONVERSION = YES;
				CLANG_WARN_OBJC_ROOT_CLASS = YES_ERROR;
				CLANG_WARN_UNREACHABLE_CODE = YES;
				CLANG_WARN__DUPLICATE_METHOD_MATCH = YES;
				"CODE_SIGN_IDENTITY[sdk=iphoneos*]" = "iPhone Developer";
				COPY_PHASE_STRIP = NO;
				DEBUG_INFORMATION_FORMAT = "dwarf-with-dsym";
				ENABLE_NS_ASSERTIONS = NO;
				ENABLE_STRICT_OBJC_MSGSEND = YES;
				GCC_C_LANGUAGE_STANDARD = gnu99;
				GCC_NO_COMMON_BLOCKS = YES;
				GCC_WARN_64_TO_32_BIT_CONVERSION = YES;
				GCC_WARN_ABOUT_RETURN_TYPE = YES_ERROR;
				GCC_WARN_UNDECLARED_SELECTOR = YES;
				GCC_WARN_UNINITIALIZED_AUTOS = YES_AGGRESSIVE;
				GCC_WARN_UNUSED_FUNCTION = YES;
				GCC_WARN_UNUSED_VARIABLE = YES;
				IPHONEOS_DEPLOYMENT_TARGET = 8.4;
				MTL_ENABLE_DEBUG_INFO = NO;
				SDKROOT = iphoneos;
				TARGETED_DEVICE_FAMILY = "1,2";
				VALIDATE_PRODUCT = YES;
			};
			name = Release;
		};
		9DDAE6C41BC4CE7800975798 /* Debug */ = {
			isa = XCBuildConfiguration;
			buildSettings = {
				ASSETCATALOG_COMPILER_APPICON_NAME = AppIcon;
				INFOPLIST_FILE = Hello/Info.plist;
				LD_RUNPATH_SEARCH_PATHS = "$(inherited) @executable_path/Frameworks";
				PRODUCT_NAME = "$(TARGET_NAME)";
			};
			name = Debug;
		};
		9DDAE6C51BC4CE7800975798 /* Release */ = {
			isa = XCBuildConfiguration;
			buildSettings = {
				ASSETCATALOG_COMPILER_APPICON_NAME = AppIcon;
				INFOPLIST_FILE = Hello/Info.plist;
				LD_RUNPATH_SEARCH_PATHS = "$(inherited) @executable_path/Frameworks";
				PRODUCT_NAME = "$(TARGET_NAME)";
			};
			name = Release;
		};
		9DDAE6C71BC4CE7800975798 /* Debug */ = {
			isa = XCBuildConfiguration;
			buildSettings = {
				BUNDLE_LOADER = "$(TEST_HOST)";
				FRAMEWORK_SEARCH_PATHS = (
					"$(SDKROOT)/Developer/Library/Frameworks",
					"$(inherited)",
				);
				GCC_PREPROCESSOR_DEFINITIONS = (
					"DEBUG=1",
					"$(inherited)",
				);
				INFOPLIST_FILE = HelloTests/Info.plist;
				LD_RUNPATH_SEARCH_PATHS = "$(inherited) @executable_path/Frameworks @loader_path/Frameworks";
				PRODUCT_NAME = "$(TARGET_NAME)";
				TEST_HOST = "$(BUILT_PRODUCTS_DIR)/Hello.app/Hello";
			};
			name = Debug;
		};
		9DDAE6C81BC4CE7800975798 /* Release */ = {
			isa = XCBuildConfiguration;
			buildSettings = {
				BUNDLE_LOADER = "$(TEST_HOST)";
				FRAMEWORK_SEARCH_PATHS = (
					"$(SDKROOT)/Developer/Library/Frameworks",
					"$(inherited)",
				);
				INFOPLIST_FILE = HelloTests/Info.plist;
				LD_RUNPATH_SEARCH_PATHS = "$(inherited) @executable_path/Frameworks @loader_path/Frameworks";
				PRODUCT_NAME = "$(TARGET_NAME)";
				TEST_HOST = "$(BUILT_PRODUCTS_DIR)/Hello.app/Hello";
			};
			name = Release;
		};
/* End XCBuildConfiguration section */

/* Begin XCConfigurationList section */
		9DDAE69F1BC4CE7800975798 /* Build configuration list for PBXProject "Hello" */ = {
			isa = XCConfigurationList;
			buildConfigurations = (
				9DDAE6C11BC4CE7800975798 /* Debug */,
				9DDAE6C21BC4CE7800975798 /* Release */,
			);
			defaultConfigurationIsVisible = 0;
			defaultConfigurationName = Release;
		};
		9DDAE6C31BC4CE7800975798 /* Build configuration list for PBXNativeTarget "Hello" */ = {
			isa = XCConfigurationList;
			buildConfigurations = (
				9DDAE6C41BC4CE7800975798 /* Debug */,
				9DDAE6C51BC4CE7800975798 /* Release */,
			);
			defaultConfigurationIsVisible = 0;
		};
		9DDAE6C61BC4CE7800975798 /* Build configuration list for PBXNativeTarget "HelloTests" */ = {
			isa = XCConfigurationList;
			buildConfigurations = (
				9DDAE6C71BC4CE7800975798 /* Debug */,
				9DDAE6C81BC4CE7800975798 /* Release */,
			);
			defaultConfigurationIsVisible = 0;
		};
/* End XCConfigurationList section */
	};
	rootObject = 9DDAE69C1BC4CE7800975798 /* Project object */;
}
